
Microsoft Visual Studio Solution File, Format Version 12.00
# Visual Studio Version 16
VisualStudioVersion = 16.0.29609.76
MinimumVisualStudioVersion = 10.0.40219.1
Project("{9A19103F-16F7-4668-BE54-9A1E7A4F7556}") = "Thomerson.Migration", "Thomerson.Migration.csproj", "{4B0AD8F2-7E6A-4E15-94CE-30C4C03B9AAF}"
EndProject
Project("{FAE04EC0-301F-11D3-BF4B-00C04F79EFBC}") = "Thomerson.Migration.Gatlin", "..\Thomerson.Migration.Gatlin\Thomerson.Migration.Gatlin.csproj", "{29457122-47B2-46AA-9B44-73BFD60B38A7}"
EndProject
Global
	GlobalSection(SolutionConfigurationPlatforms) = preSolution
		Debug|Any CPU = Debug|Any CPU
		Release|Any CPU = Release|Any CPU
	EndGlobalSection
	GlobalSection(ProjectConfigurationPlatforms) = postSolution
		{4B0AD8F2-7E6A-4E15-94CE-30C4C03B9AAF}.Debug|Any CPU.ActiveCfg = Debug|Any CPU
		{4B0AD8F2-7E6A-4E15-94CE-30C4C03B9AAF}.Debug|Any CPU.Build.0 = Debug|Any CPU
		{4B0AD8F2-7E6A-4E15-94CE-30C4C03B9AAF}.Release|Any CPU.ActiveCfg = Release|Any CPU
		{4B0AD8F2-7E6A-4E15-94CE-30C4C03B9AAF}.Release|Any CPU.Build.0 = Release|Any CPU
		{29457122-47B2-46AA-9B44-73BFD60B38A7}.Debug|Any CPU.ActiveCfg = Debug|Any CPU
		{29457122-47B2-46AA-9B44-73BFD60B38A7}.Debug|Any CPU.Build.0 = Debug|Any CPU
		{29457122-47B2-46AA-9B44-73BFD60B38A7}.Release|Any CPU.ActiveCfg = Release|Any CPU
		{29457122-47B2-46AA-9B44-73BFD60B38A7}.Release|Any CPU.Build.0 = Release|Any CPU
	EndGlobalSection
	GlobalSection(SolutionProperties) = preSolution
		HideSolutionNode = FALSE
	EndGlobalSection
	GlobalSection(ExtensibilityGlobals) = postSolution
		SolutionGuid = {1E07FD89-63C9-4BFA-9916-62DBBDBEAB2F}
	EndGlobalSection
EndGlobal
